{
  "object": {
    "pins": [
      {
        "package": "PuzzleBox",
        "repositoryURL": "https://github.com/calebwilson706/puzzle-box-SP",
        "state": {
          "branch": null,
          "revision": "663b1c3cabc8077743db7ffdb782eaa039fd8895",
          "version": "1.1.4"
        }
      }
    ]
  },
  "version": 1
}
