{
  "object": {
    "pins": [
      {
        "package": "PuzzleBox",
        "repositoryURL": "https://github.com/calebwilson706/puzzle-box-SP",
        "state": {
          "branch": "main",
          "revision": "02fefa58bc9e419c17de95298cc181febd7f2169",
          "version": null
        }
      }
    ]
  },
  "version": 1
}
