{
  "object": {
    "pins": [
      {
        "package": "PuzzleBox",
        "repositoryURL": "https://github.com/calebwilson706/puzzle-box-SP",
        "state": {
          "branch": "main",
          "revision": "158c128e1a915217ece76c21d9db6613e79a6cd4",
          "version": null
        }
      }
    ]
  },
  "version": 1
}
